
Microsoft Visual Studio Solution File, Format Version 11.00
# Visual Basic Express 2010
Project("{F184B08F-C81C-45F6-A57F-5ABD9991F28F}") = "15.2.3 Animation and Timers", "15.2.3 Animation and Timers\15.2.3 Animation and Timers.vbproj", "{0D81ABE8-8904-4B6C-98C9-286456A5B479}"
EndProject
Global
	GlobalSection(SolutionConfigurationPlatforms) = preSolution
		Debug|x86 = Debug|x86
		Release|x86 = Release|x86
	EndGlobalSection
	GlobalSection(ProjectConfigurationPlatforms) = postSolution
		{0D81ABE8-8904-4B6C-98C9-286456A5B479}.Debug|x86.ActiveCfg = Debug|x86
		{0D81ABE8-8904-4B6C-98C9-286456A5B479}.Debug|x86.Build.0 = Debug|x86
		{0D81ABE8-8904-4B6C-98C9-286456A5B479}.Release|x86.ActiveCfg = Release|x86
		{0D81ABE8-8904-4B6C-98C9-286456A5B479}.Release|x86.Build.0 = Release|x86
	EndGlobalSection
	GlobalSection(SolutionProperties) = preSolution
		HideSolutionNode = FALSE
	EndGlobalSection
EndGlobal
