
Microsoft Visual Studio Solution File, Format Version 11.00
# Visual Basic Express 2010
Project("{F184B08F-C81C-45F6-A57F-5ABD9991F28F}") = "13.2 Arrays", "13.2 Arrays\13.2 Arrays.vbproj", "{35162304-5098-41DF-9C61-B5A937482386}"
EndProject
Global
	GlobalSection(SolutionConfigurationPlatforms) = preSolution
		Debug|x86 = Debug|x86
		Release|x86 = Release|x86
	EndGlobalSection
	GlobalSection(ProjectConfigurationPlatforms) = postSolution
		{35162304-5098-41DF-9C61-B5A937482386}.Debug|x86.ActiveCfg = Debug|x86
		{35162304-5098-41DF-9C61-B5A937482386}.Debug|x86.Build.0 = Debug|x86
		{35162304-5098-41DF-9C61-B5A937482386}.Release|x86.ActiveCfg = Release|x86
		{35162304-5098-41DF-9C61-B5A937482386}.Release|x86.Build.0 = Release|x86
	EndGlobalSection
	GlobalSection(SolutionProperties) = preSolution
		HideSolutionNode = FALSE
	EndGlobalSection
EndGlobal
