
Microsoft Visual Studio Solution File, Format Version 11.00
# Visual Basic Express 2010
Project("{F184B08F-C81C-45F6-A57F-5ABD9991F28F}") = "11.3.3 Cost Calculator", "11.3.3 Cost Calculator\11.3.3 Cost Calculator.vbproj", "{86173495-D624-4C0F-9E26-0CCE9B41C158}"
EndProject
Global
	GlobalSection(SolutionConfigurationPlatforms) = preSolution
		Debug|x86 = Debug|x86
		Release|x86 = Release|x86
	EndGlobalSection
	GlobalSection(ProjectConfigurationPlatforms) = postSolution
		{86173495-D624-4C0F-9E26-0CCE9B41C158}.Debug|x86.ActiveCfg = Debug|x86
		{86173495-D624-4C0F-9E26-0CCE9B41C158}.Debug|x86.Build.0 = Debug|x86
		{86173495-D624-4C0F-9E26-0CCE9B41C158}.Release|x86.ActiveCfg = Release|x86
		{86173495-D624-4C0F-9E26-0CCE9B41C158}.Release|x86.Build.0 = Release|x86
	EndGlobalSection
	GlobalSection(SolutionProperties) = preSolution
		HideSolutionNode = FALSE
	EndGlobalSection
EndGlobal
